
Microsoft Visual Studio Solution File, Format Version 12.00
# Visual Studio Version 16
VisualStudioVersion = 16.0.30611.23
MinimumVisualStudioVersion = 10.0.40219.1
Project("{FAE04EC0-301F-11D3-BF4B-00C04F79EFBC}") = "Exercises_68-2018", "Exercises_68-2018\Exercises_68-2018.csproj", "{389C8604-1DAB-47FE-881B-3A8FE78ED768}"
EndProject
Global
	GlobalSection(SolutionConfigurationPlatforms) = preSolution
		Debug|Any CPU = Debug|Any CPU
		Release|Any CPU = Release|Any CPU
	EndGlobalSection
	GlobalSection(ProjectConfigurationPlatforms) = postSolution
		{389C8604-1DAB-47FE-881B-3A8FE78ED768}.Debug|Any CPU.ActiveCfg = Debug|Any CPU
		{389C8604-1DAB-47FE-881B-3A8FE78ED768}.Debug|Any CPU.Build.0 = Debug|Any CPU
		{389C8604-1DAB-47FE-881B-3A8FE78ED768}.Release|Any CPU.ActiveCfg = Release|Any CPU
		{389C8604-1DAB-47FE-881B-3A8FE78ED768}.Release|Any CPU.Build.0 = Release|Any CPU
	EndGlobalSection
	GlobalSection(SolutionProperties) = preSolution
		HideSolutionNode = FALSE
	EndGlobalSection
	GlobalSection(ExtensibilityGlobals) = postSolution
		SolutionGuid = {7E0BDAD5-A7AF-40C2-AAD6-CF1E57134420}
	EndGlobalSection
EndGlobal
